
Microsoft Visual Studio Solution File, Format Version 12.00
# Visual Studio Version 16
VisualStudioVersion = 16.0.30413.136
MinimumVisualStudioVersion = 10.0.40219.1
Project("{FAE04EC0-301F-11D3-BF4B-00C04F79EFBC}") = "CryptLab4", "CryptLab4.csproj", "{AC8D7FAB-6EE3-4576-8782-D430FA1640C3}"
EndProject
Global
	GlobalSection(SolutionConfigurationPlatforms) = preSolution
		Debug|Any CPU = Debug|Any CPU
		Release|Any CPU = Release|Any CPU
	EndGlobalSection
	GlobalSection(ProjectConfigurationPlatforms) = postSolution
		{AC8D7FAB-6EE3-4576-8782-D430FA1640C3}.Debug|Any CPU.ActiveCfg = Debug|Any CPU
		{AC8D7FAB-6EE3-4576-8782-D430FA1640C3}.Debug|Any CPU.Build.0 = Debug|Any CPU
		{AC8D7FAB-6EE3-4576-8782-D430FA1640C3}.Release|Any CPU.ActiveCfg = Release|Any CPU
		{AC8D7FAB-6EE3-4576-8782-D430FA1640C3}.Release|Any CPU.Build.0 = Release|Any CPU
	EndGlobalSection
	GlobalSection(SolutionProperties) = preSolution
		HideSolutionNode = FALSE
	EndGlobalSection
	GlobalSection(ExtensibilityGlobals) = postSolution
		SolutionGuid = {B6854A7E-D98C-4F15-81D0-9DBE910F8CF3}
	EndGlobalSection
EndGlobal
